
Microsoft Visual Studio Solution File, Format Version 12.00
# Visual Studio Version 17
VisualStudioVersion = 17.11.35327.3
MinimumVisualStudioVersion = 10.0.40219.1
Project("{FAE04EC0-301F-11D3-BF4B-00C04F79EFBC}") = "Accounting.API", "Accounting.API\Accounting.API.csproj", "{CAFB3188-8BAE-4978-8EEE-650343817C10}"
EndProject
Project("{FAE04EC0-301F-11D3-BF4B-00C04F79EFBC}") = "Accounting.Core", "Accounting.Core\Accounting.Core.csproj", "{4D169546-0572-4970-ACEA-3B8B7051672C}"
EndProject
Project("{FAE04EC0-301F-11D3-BF4B-00C04F79EFBC}") = "Accounting.Repository", "Accounting.Repository\Accounting.Repository.csproj", "{C3E1AE63-4867-4527-8409-E8748E5B456B}"
EndProject
Project("{FAE04EC0-301F-11D3-BF4B-00C04F79EFBC}") = "Accounting.Service", "Accounting.Service\Accounting.Service.csproj", "{A6B6ED72-7B77-4797-B48B-2FDF0DC732CB}"
EndProject
Global
	GlobalSection(SolutionConfigurationPlatforms) = preSolution
		Debug|Any CPU = Debug|Any CPU
		Release|Any CPU = Release|Any CPU
	EndGlobalSection
	GlobalSection(ProjectConfigurationPlatforms) = postSolution
		{CAFB3188-8BAE-4978-8EEE-650343817C10}.Debug|Any CPU.ActiveCfg = Debug|Any CPU
		{CAFB3188-8BAE-4978-8EEE-650343817C10}.Debug|Any CPU.Build.0 = Debug|Any CPU
		{CAFB3188-8BAE-4978-8EEE-650343817C10}.Release|Any CPU.ActiveCfg = Release|Any CPU
		{CAFB3188-8BAE-4978-8EEE-650343817C10}.Release|Any CPU.Build.0 = Release|Any CPU
		{4D169546-0572-4970-ACEA-3B8B7051672C}.Debug|Any CPU.ActiveCfg = Debug|Any CPU
		{4D169546-0572-4970-ACEA-3B8B7051672C}.Debug|Any CPU.Build.0 = Debug|Any CPU
		{4D169546-0572-4970-ACEA-3B8B7051672C}.Release|Any CPU.ActiveCfg = Release|Any CPU
		{4D169546-0572-4970-ACEA-3B8B7051672C}.Release|Any CPU.Build.0 = Release|Any CPU
		{C3E1AE63-4867-4527-8409-E8748E5B456B}.Debug|Any CPU.ActiveCfg = Debug|Any CPU
		{C3E1AE63-4867-4527-8409-E8748E5B456B}.Debug|Any CPU.Build.0 = Debug|Any CPU
		{C3E1AE63-4867-4527-8409-E8748E5B456B}.Release|Any CPU.ActiveCfg = Release|Any CPU
		{C3E1AE63-4867-4527-8409-E8748E5B456B}.Release|Any CPU.Build.0 = Release|Any CPU
		{A6B6ED72-7B77-4797-B48B-2FDF0DC732CB}.Debug|Any CPU.ActiveCfg = Debug|Any CPU
		{A6B6ED72-7B77-4797-B48B-2FDF0DC732CB}.Debug|Any CPU.Build.0 = Debug|Any CPU
		{A6B6ED72-7B77-4797-B48B-2FDF0DC732CB}.Release|Any CPU.ActiveCfg = Release|Any CPU
		{A6B6ED72-7B77-4797-B48B-2FDF0DC732CB}.Release|Any CPU.Build.0 = Release|Any CPU
	EndGlobalSection
	GlobalSection(SolutionProperties) = preSolution
		HideSolutionNode = FALSE
	EndGlobalSection
	GlobalSection(ExtensibilityGlobals) = postSolution
		SolutionGuid = {5AD547AA-CF08-4442-B2D8-9640F9F5F110}
	EndGlobalSection
EndGlobal
